PODS:
  - Flutter (1.0.0)
  - FMDB (2.7.5):
    - FMDB/standard (= 2.7.5)
  - FMDB/standard (2.7.5)
  - image_picker_ios (0.0.1):
    - Flutter
  - package_info_plus (0.4.5):
    - Flutter
  - path_provider_foundation (0.0.1):
    - Flutter
    - FlutterMacOS
  - share_plus (0.0.1):
    - Flutter
  - sqflite (0.0.3):
    - Flutter
    - FMDB (>= 2.7.5)
  - Stripe (23.16.0):
    - StripeApplePay (= 23.16.0)
    - StripeCore (= 23.16.0)
    - StripePayments (= 23.16.0)
    - StripePaymentsUI (= 23.16.0)
    - StripeUICore (= 23.16.0)
  - stripe_ios (0.0.1):
    - Flutter
    - Stripe (~> 23.16.0)
    - StripeApplePay (~> 23.16.0)
    - StripeFinancialConnections (~> 23.16.0)
    - StripePayments (~> 23.16.0)
    - StripePaymentSheet (~> 23.16.0)
    - StripePaymentsUI (~> 23.16.0)
  - StripeApplePay (23.16.0):
    - StripeCore (= 23.16.0)
  - StripeCore (23.16.0)
  - StripeFinancialConnections (23.16.0):
    - StripeCore (= 23.16.0)
    - StripeUICore (= 23.16.0)
  - StripePayments (23.16.0):
    - StripeCore (= 23.16.0)
    - StripePayments/Stripe3DS2 (= 23.16.0)
  - StripePayments/Stripe3DS2 (23.16.0):
    - StripeCore (= 23.16.0)
  - StripePaymentSheet (23.16.0):
    - StripeApplePay (= 23.16.0)
    - StripeCore (= 23.16.0)
    - StripePayments (= 23.16.0)
    - StripePaymentsUI (= 23.16.0)
  - StripePaymentsUI (23.16.0):
    - StripeCore (= 23.16.0)
    - StripePayments (= 23.16.0)
    - StripeUICore (= 23.16.0)
  - StripeUICore (23.16.0):
    - StripeCore (= 23.16.0)
  - url_launcher_ios (0.0.1):
    - Flutter
  - video_player_avfoundation (0.0.1):
    - Flutter
    - FlutterMacOS
  - wakelock_plus (0.0.1):
    - Flutter
  - webview_flutter_wkwebview (0.0.1):
    - Flutter

DEPENDENCIES:
  - Flutter (from `Flutter`)
  - image_picker_ios (from `.symlinks/plugins/image_picker_ios/ios`)
  - package_info_plus (from `.symlinks/plugins/package_info_plus/ios`)
  - path_provider_foundation (from `.symlinks/plugins/path_provider_foundation/darwin`)
  - share_plus (from `.symlinks/plugins/share_plus/ios`)
  - sqflite (from `.symlinks/plugins/sqflite/ios`)
  - stripe_ios (from `.symlinks/plugins/stripe_ios/ios`)
  - url_launcher_ios (from `.symlinks/plugins/url_launcher_ios/ios`)
  - video_player_avfoundation (from `.symlinks/plugins/video_player_avfoundation/darwin`)
  - wakelock_plus (from `.symlinks/plugins/wakelock_plus/ios`)
  - webview_flutter_wkwebview (from `.symlinks/plugins/webview_flutter_wkwebview/ios`)

SPEC REPOS:
  trunk:
    - FMDB
    - Stripe
    - StripeApplePay
    - StripeCore
    - StripeFinancialConnections
    - StripePayments
    - StripePaymentSheet
    - StripePaymentsUI
    - StripeUICore

EXTERNAL SOURCES:
  Flutter:
    :path: Flutter
  image_picker_ios:
    :path: ".symlinks/plugins/image_picker_ios/ios"
  package_info_plus:
    :path: ".symlinks/plugins/package_info_plus/ios"
  path_provider_foundation:
    :path: ".symlinks/plugins/path_provider_foundation/darwin"
  share_plus:
    :path: ".symlinks/plugins/share_plus/ios"
  sqflite:
    :path: ".symlinks/plugins/sqflite/ios"
  stripe_ios:
    :path: ".symlinks/plugins/stripe_ios/ios"
  url_launcher_ios:
    :path: ".symlinks/plugins/url_launcher_ios/ios"
  video_player_avfoundation:
    :path: ".symlinks/plugins/video_player_avfoundation/darwin"
  wakelock_plus:
    :path: ".symlinks/plugins/wakelock_plus/ios"
  webview_flutter_wkwebview:
    :path: ".symlinks/plugins/webview_flutter_wkwebview/ios"

SPEC CHECKSUMS:
  Flutter: f04841e97a9d0b0a8025694d0796dd46242b2854
  FMDB: 2ce00b547f966261cd18927a3ddb07cb6f3db82a
  image_picker_ios: 4a8aadfbb6dc30ad5141a2ce3832af9214a705b5
  package_info_plus: 115f4ad11e0698c8c1c5d8a689390df880f47e85
  path_provider_foundation: 29f094ae23ebbca9d3d0cec13889cd9060c0e943
  share_plus: c3fef564749587fc939ef86ffb283ceac0baf9f5
  sqflite: 31f7eba61e3074736dff8807a9b41581e4f7f15a
  Stripe: fcab417424a45d995aa1e62a39bc942233b61ba3
  stripe_ios: 2b444aaa35682eee30eac8733a9d502c1e925a4a
  StripeApplePay: 81de266a964b3ad02fb25e8b22fd8c235d2916a8
  StripeCore: ac141047bca25f5ae945a1cbdd00a90b0d08c616
  StripeFinancialConnections: d7a452e4bed1195d8978ee4f6c0ba2f82c89fdf4
  StripePayments: 5804cb9b02cca488042e5cf8cf57a86a5080006b
  StripePaymentSheet: 06ea6bbf49be869769c46bf31be4fbc3e23b5b19
  StripePaymentsUI: 24a0349ae8c7e8c7402086703720fe06c52ddea0
  StripeUICore: ce85e040a22bf0335061d14973d37757528b3d2d
  url_launcher_ios: 68d46cc9766d0c41dbdc884310529557e3cd7a86
  video_player_avfoundation: 8563f13d8fc8b2c29dc2d09e60b660e4e8128837
  wakelock_plus: 8b09852c8876491e4b6d179e17dfe2a0b5f60d47
  webview_flutter_wkwebview: b7e70ef1ddded7e69c796c7390ee74180182971f

PODFILE CHECKSUM: 351dbda8241c6ae667acbc7bc0353a0d9978d7f1

COCOAPODS: 1.14.2
